
Microsoft Visual Studio Solution File, Format Version 12.00
# Visual Studio Version 17
VisualStudioVersion = 17.0.31903.59
MinimumVisualStudioVersion = 10.0.40219.1
Project("{FAE04EC0-301F-11D3-BF4B-00C04F79EFBC}") = "DIO-Photography", "DIO-Photography\DIO-Photography.csproj", "{051AE8E9-44BC-4594-9A7A-780E93DBACD8}"
EndProject
Global
	GlobalSection(SolutionConfigurationPlatforms) = preSolution
		Debug|Any CPU = Debug|Any CPU
		Release|Any CPU = Release|Any CPU
	EndGlobalSection
	GlobalSection(SolutionProperties) = preSolution
		HideSolutionNode = FALSE
	EndGlobalSection
	GlobalSection(ProjectConfigurationPlatforms) = postSolution
		{051AE8E9-44BC-4594-9A7A-780E93DBACD8}.Debug|Any CPU.ActiveCfg = Debug|Any CPU
		{051AE8E9-44BC-4594-9A7A-780E93DBACD8}.Debug|Any CPU.Build.0 = Debug|Any CPU
		{051AE8E9-44BC-4594-9A7A-780E93DBACD8}.Release|Any CPU.ActiveCfg = Release|Any CPU
		{051AE8E9-44BC-4594-9A7A-780E93DBACD8}.Release|Any CPU.Build.0 = Release|Any CPU
	EndGlobalSection
EndGlobal
